// !$*UTF8*$!
{
	archiveVersion = 1;
	classes = {
	};
	objectVersion = 46;
	objects = {

/* Begin PBXBuildFile section */
		840661421C74FB4F00D8C1CD /* HangarScene.swift in Sources */ = {isa = PBXBuildFile; fileRef = 840661411C74FB4F00D8C1CD /* HangarScene.swift */; };
		840661431C74FB4F00D8C1CD /* HangarScene.swift in Sources */ = {isa = PBXBuildFile; fileRef = 840661411C74FB4F00D8C1CD /* HangarScene.swift */; };
		840661441C74FB4F00D8C1CD /* HangarScene.swift in Sources */ = {isa = PBXBuildFile; fileRef = 840661411C74FB4F00D8C1CD /* HangarScene.swift */; };
		840661461C7502AF00D8C1CD /* ChooseSector.swift in Sources */ = {isa = PBXBuildFile; fileRef = 840661451C7502AF00D8C1CD /* ChooseSector.swift */; };
		840661471C7502AF00D8C1CD /* ChooseSector.swift in Sources */ = {isa = PBXBuildFile; fileRef = 840661451C7502AF00D8C1CD /* ChooseSector.swift */; };
		840661481C7502AF00D8C1CD /* ChooseSector.swift in Sources */ = {isa = PBXBuildFile; fileRef = 840661451C7502AF00D8C1CD /* ChooseSector.swift */; };
		8407F62E1C8DE7CB004F253F /* Enemy.swift in Sources */ = {isa = PBXBuildFile; fileRef = 8407F6281C8DE7CB004F253F /* Enemy.swift */; };
		8407F62F1C8DE7CB004F253F /* Enemy.swift in Sources */ = {isa = PBXBuildFile; fileRef = 8407F6281C8DE7CB004F253F /* Enemy.swift */; };
		8407F6301C8DE7CB004F253F /* Enemy.swift in Sources */ = {isa = PBXBuildFile; fileRef = 8407F6281C8DE7CB004F253F /* Enemy.swift */; };
		8407F6311C8DE7CB004F253F /* Laser.swift in Sources */ = {isa = PBXBuildFile; fileRef = 8407F6291C8DE7CB004F253F /* Laser.swift */; };
		8407F6321C8DE7CB004F253F /* Laser.swift in Sources */ = {isa = PBXBuildFile; fileRef = 8407F6291C8DE7CB004F253F /* Laser.swift */; };
		8407F6331C8DE7CB004F253F /* Laser.swift in Sources */ = {isa = PBXBuildFile; fileRef = 8407F6291C8DE7CB004F253F /* Laser.swift */; };
		8407F6341C8DE7CB004F253F /* Parallax.swift in Sources */ = {isa = PBXBuildFile; fileRef = 8407F62A1C8DE7CB004F253F /* Parallax.swift */; };
		8407F6351C8DE7CB004F253F /* Parallax.swift in Sources */ = {isa = PBXBuildFile; fileRef = 8407F62A1C8DE7CB004F253F /* Parallax.swift */; };
		8407F6361C8DE7CB004F253F /* Parallax.swift in Sources */ = {isa = PBXBuildFile; fileRef = 8407F62A1C8DE7CB004F253F /* Parallax.swift */; };
		8407F6371C8DE7CB004F253F /* PlayerShip.swift in Sources */ = {isa = PBXBuildFile; fileRef = 8407F62B1C8DE7CB004F253F /* PlayerShip.swift */; };
		8407F6381C8DE7CB004F253F /* PlayerShip.swift in Sources */ = {isa = PBXBuildFile; fileRef = 8407F62B1C8DE7CB004F253F /* PlayerShip.swift */; };
		8407F6391C8DE7CB004F253F /* PlayerShip.swift in Sources */ = {isa = PBXBuildFile; fileRef = 8407F62B1C8DE7CB004F253F /* PlayerShip.swift */; };
		8407F63A1C8DE7CB004F253F /* Thumbstick.swift in Sources */ = {isa = PBXBuildFile; fileRef = 8407F62C1C8DE7CB004F253F /* Thumbstick.swift */; };
		8407F63B1C8DE7CB004F253F /* Thumbstick.swift in Sources */ = {isa = PBXBuildFile; fileRef = 8407F62C1C8DE7CB004F253F /* Thumbstick.swift */; };
		8407F63C1C8DE7CB004F253F /* Thumbstick.swift in Sources */ = {isa = PBXBuildFile; fileRef = 8407F62C1C8DE7CB004F253F /* Thumbstick.swift */; };
		8407F63D1C8DE7CB004F253F /* Ufo.swift in Sources */ = {isa = PBXBuildFile; fileRef = 8407F62D1C8DE7CB004F253F /* Ufo.swift */; };
		8407F63E1C8DE7CB004F253F /* Ufo.swift in Sources */ = {isa = PBXBuildFile; fileRef = 8407F62D1C8DE7CB004F253F /* Ufo.swift */; };
		8407F63F1C8DE7CB004F253F /* Ufo.swift in Sources */ = {isa = PBXBuildFile; fileRef = 8407F62D1C8DE7CB004F253F /* Ufo.swift */; };
		8407F6411C8DE7EF004F253F /* World.swift in Sources */ = {isa = PBXBuildFile; fileRef = 8407F6401C8DE7EF004F253F /* World.swift */; };
		8407F6421C8DE7EF004F253F /* World.swift in Sources */ = {isa = PBXBuildFile; fileRef = 8407F6401C8DE7EF004F253F /* World.swift */; };
		8407F6431C8DE7EF004F253F /* World.swift in Sources */ = {isa = PBXBuildFile; fileRef = 8407F6401C8DE7EF004F253F /* World.swift */; };
		84148FC41C87158500CF689C /* GameTextField.swift in Sources */ = {isa = PBXBuildFile; fileRef = 844AB32F1C85D81A0033D00B /* GameTextField.swift */; };
		844AB3301C85D81A0033D00B /* GameTextField.swift in Sources */ = {isa = PBXBuildFile; fileRef = 844AB32F1C85D81A0033D00B /* GameTextField.swift */; };
		846A46B41C75E2350028DBA8 /* ScrollNode.swift in Sources */ = {isa = PBXBuildFile; fileRef = 8486791B1C748F2C0049BB1F /* ScrollNode.swift */; };
		846A46B51C75E2360028DBA8 /* ScrollNode.swift in Sources */ = {isa = PBXBuildFile; fileRef = 8486791B1C748F2C0049BB1F /* ScrollNode.swift */; };
		8483B5C11C885C3200556D40 /* GameTextField.swift in Sources */ = {isa = PBXBuildFile; fileRef = 844AB32F1C85D81A0033D00B /* GameTextField.swift */; };
		848678C41C748B0C0049BB1F /* AppDelegate.swift in Sources */ = {isa = PBXBuildFile; fileRef = 848678C31C748B0C0049BB1F /* AppDelegate.swift */; };
		848678CA1C748B0C0049BB1F /* GameViewController.swift in Sources */ = {isa = PBXBuildFile; fileRef = 848678C91C748B0C0049BB1F /* GameViewController.swift */; };
		848678CD1C748B0C0049BB1F /* Main.storyboard in Resources */ = {isa = PBXBuildFile; fileRef = 848678CB1C748B0C0049BB1F /* Main.storyboard */; };
		848678CF1C748B0C0049BB1F /* Assets.xcassets in Resources */ = {isa = PBXBuildFile; fileRef = 848678CE1C748B0C0049BB1F /* Assets.xcassets */; };
		848678D21C748B0C0049BB1F /* LaunchScreen.storyboard in Resources */ = {isa = PBXBuildFile; fileRef = 848678D01C748B0C0049BB1F /* LaunchScreen.storyboard */; };
		848678DE1C748B1F0049BB1F /* AppDelegate.swift in Sources */ = {isa = PBXBuildFile; fileRef = 848678DD1C748B1F0049BB1F /* AppDelegate.swift */; };
		848678E41C748B1F0049BB1F /* GameViewController.swift in Sources */ = {isa = PBXBuildFile; fileRef = 848678E31C748B1F0049BB1F /* GameViewController.swift */; };
		848678E61C748B1F0049BB1F /* Game.xcassets in Resources */ = {isa = PBXBuildFile; fileRef = 848678E51C748B1F0049BB1F /* Game.xcassets */; };
		848678E91C748B1F0049BB1F /* Main.storyboard in Resources */ = {isa = PBXBuildFile; fileRef = 848678E71C748B1F0049BB1F /* Main.storyboard */; };
		848678EB1C748B1F0049BB1F /* Assets.xcassets in Resources */ = {isa = PBXBuildFile; fileRef = 848678EA1C748B1F0049BB1F /* Assets.xcassets */; };
		848678F71C748B470049BB1F /* AppDelegate.swift in Sources */ = {isa = PBXBuildFile; fileRef = 848678F61C748B470049BB1F /* AppDelegate.swift */; };
		848678FD1C748B470049BB1F /* Assets.xcassets in Resources */ = {isa = PBXBuildFile; fileRef = 848678FC1C748B470049BB1F /* Assets.xcassets */; };
		848679001C748B470049BB1F /* MainMenu.xib in Resources */ = {isa = PBXBuildFile; fileRef = 848678FE1C748B470049BB1F /* MainMenu.xib */; };
		848679091C748CD30049BB1F /* Media.xcassets in Resources */ = {isa = PBXBuildFile; fileRef = 848679081C748CD30049BB1F /* Media.xcassets */; };
		8486790A1C748CD30049BB1F /* Media.xcassets in Resources */ = {isa = PBXBuildFile; fileRef = 848679081C748CD30049BB1F /* Media.xcassets */; };
		8486790B1C748CD30049BB1F /* Media.xcassets in Resources */ = {isa = PBXBuildFile; fileRef = 848679081C748CD30049BB1F /* Media.xcassets */; };
		848679201C748F2C0049BB1F /* GeometryExtensions.swift in Sources */ = {isa = PBXBuildFile; fileRef = 848679121C748F2C0049BB1F /* GeometryExtensions.swift */; };
		848679211C748F2C0049BB1F /* GeometryExtensions.swift in Sources */ = {isa = PBXBuildFile; fileRef = 848679121C748F2C0049BB1F /* GeometryExtensions.swift */; };
		848679221C748F2C0049BB1F /* GeometryExtensions.swift in Sources */ = {isa = PBXBuildFile; fileRef = 848679121C748F2C0049BB1F /* GeometryExtensions.swift */; };
		848679261C748F2C0049BB1F /* Config.swift in Sources */ = {isa = PBXBuildFile; fileRef = 848679141C748F2C0049BB1F /* Config.swift */; };
		848679271C748F2C0049BB1F /* Config.swift in Sources */ = {isa = PBXBuildFile; fileRef = 848679141C748F2C0049BB1F /* Config.swift */; };
		848679281C748F2C0049BB1F /* Config.swift in Sources */ = {isa = PBXBuildFile; fileRef = 848679141C748F2C0049BB1F /* Config.swift */; };
		848679291C748F2C0049BB1F /* GameScene.swift in Sources */ = {isa = PBXBuildFile; fileRef = 848679151C748F2C0049BB1F /* GameScene.swift */; };
		8486792A1C748F2C0049BB1F /* GameScene.swift in Sources */ = {isa = PBXBuildFile; fileRef = 848679151C748F2C0049BB1F /* GameScene.swift */; };
		8486792B1C748F2C0049BB1F /* GameScene.swift in Sources */ = {isa = PBXBuildFile; fileRef = 848679151C748F2C0049BB1F /* GameScene.swift */; };
		8486792C1C748F2C0049BB1F /* Control.swift in Sources */ = {isa = PBXBuildFile; fileRef = 848679161C748F2C0049BB1F /* Control.swift */; };
		8486792D1C748F2C0049BB1F /* Control.swift in Sources */ = {isa = PBXBuildFile; fileRef = 848679161C748F2C0049BB1F /* Control.swift */; };
		8486792E1C748F2C0049BB1F /* Control.swift in Sources */ = {isa = PBXBuildFile; fileRef = 848679161C748F2C0049BB1F /* Control.swift */; };
		8486792F1C748F2C0049BB1F /* GameCamera.swift in Sources */ = {isa = PBXBuildFile; fileRef = 848679171C748F2C0049BB1F /* GameCamera.swift */; };
		848679301C748F2C0049BB1F /* GameCamera.swift in Sources */ = {isa = PBXBuildFile; fileRef = 848679171C748F2C0049BB1F /* GameCamera.swift */; };
		848679311C748F2C0049BB1F /* GameCamera.swift in Sources */ = {isa = PBXBuildFile; fileRef = 848679171C748F2C0049BB1F /* GameCamera.swift */; };
		848679321C748F2C0049BB1F /* Button.swift in Sources */ = {isa = PBXBuildFile; fileRef = 848679181C748F2C0049BB1F /* Button.swift */; };
		848679331C748F2C0049BB1F /* Button.swift in Sources */ = {isa = PBXBuildFile; fileRef = 848679181C748F2C0049BB1F /* Button.swift */; };
		848679341C748F2C0049BB1F /* Button.swift in Sources */ = {isa = PBXBuildFile; fileRef = 848679181C748F2C0049BB1F /* Button.swift */; };
		848679351C748F2C0049BB1F /* Box.swift in Sources */ = {isa = PBXBuildFile; fileRef = 848679191C748F2C0049BB1F /* Box.swift */; };
		848679361C748F2C0049BB1F /* Box.swift in Sources */ = {isa = PBXBuildFile; fileRef = 848679191C748F2C0049BB1F /* Box.swift */; };
		848679371C748F2C0049BB1F /* Box.swift in Sources */ = {isa = PBXBuildFile; fileRef = 848679191C748F2C0049BB1F /* Box.swift */; };
		848679381C748F2C0049BB1F /* CropBox.swift in Sources */ = {isa = PBXBuildFile; fileRef = 8486791A1C748F2C0049BB1F /* CropBox.swift */; };
		848679391C748F2C0049BB1F /* CropBox.swift in Sources */ = {isa = PBXBuildFile; fileRef = 8486791A1C748F2C0049BB1F /* CropBox.swift */; };
		8486793A1C748F2C0049BB1F /* CropBox.swift in Sources */ = {isa = PBXBuildFile; fileRef = 8486791A1C748F2C0049BB1F /* CropBox.swift */; };
		8486793D1C748F2C0049BB1F /* ScrollNode.swift in Sources */ = {isa = PBXBuildFile; fileRef = 8486791B1C748F2C0049BB1F /* ScrollNode.swift */; };
		8486793E1C748F2C0049BB1F /* Event.swift in Sources */ = {isa = PBXBuildFile; fileRef = 8486791C1C748F2C0049BB1F /* Event.swift */; };
		8486793F1C748F2C0049BB1F /* Event.swift in Sources */ = {isa = PBXBuildFile; fileRef = 8486791C1C748F2C0049BB1F /* Event.swift */; };
		848679401C748F2C0049BB1F /* Event.swift in Sources */ = {isa = PBXBuildFile; fileRef = 8486791C1C748F2C0049BB1F /* Event.swift */; };
		848679411C748F2C0049BB1F /* GameColors.swift in Sources */ = {isa = PBXBuildFile; fileRef = 8486791D1C748F2C0049BB1F /* GameColors.swift */; };
		848679421C748F2C0049BB1F /* GameColors.swift in Sources */ = {isa = PBXBuildFile; fileRef = 8486791D1C748F2C0049BB1F /* GameColors.swift */; };
		848679431C748F2C0049BB1F /* GameColors.swift in Sources */ = {isa = PBXBuildFile; fileRef = 8486791D1C748F2C0049BB1F /* GameColors.swift */; };
		848679441C748F2C0049BB1F /* GameFonts.swift in Sources */ = {isa = PBXBuildFile; fileRef = 8486791E1C748F2C0049BB1F /* GameFonts.swift */; };
		848679451C748F2C0049BB1F /* GameFonts.swift in Sources */ = {isa = PBXBuildFile; fileRef = 8486791E1C748F2C0049BB1F /* GameFonts.swift */; };
		848679461C748F2C0049BB1F /* GameFonts.swift in Sources */ = {isa = PBXBuildFile; fileRef = 8486791E1C748F2C0049BB1F /* GameFonts.swift */; };
		848679471C748F2C0049BB1F /* Music.swift in Sources */ = {isa = PBXBuildFile; fileRef = 8486791F1C748F2C0049BB1F /* Music.swift */; };
		848679481C748F2C0049BB1F /* Music.swift in Sources */ = {isa = PBXBuildFile; fileRef = 8486791F1C748F2C0049BB1F /* Music.swift */; };
		848679491C748F2C0049BB1F /* Music.swift in Sources */ = {isa = PBXBuildFile; fileRef = 8486791F1C748F2C0049BB1F /* Music.swift */; };
		848679531C74C0750049BB1F /* MainMenuScene.swift in Sources */ = {isa = PBXBuildFile; fileRef = 848679511C74C0750049BB1F /* MainMenuScene.swift */; };
		848679561C74C1100049BB1F /* MissionScene.swift in Sources */ = {isa = PBXBuildFile; fileRef = 848679551C74C1100049BB1F /* MissionScene.swift */; };
		848679571C74C1100049BB1F /* MissionScene.swift in Sources */ = {isa = PBXBuildFile; fileRef = 848679551C74C1100049BB1F /* MissionScene.swift */; };
		848679581C74C1100049BB1F /* MissionScene.swift in Sources */ = {isa = PBXBuildFile; fileRef = 848679551C74C1100049BB1F /* MissionScene.swift */; };
		848679591C74C1810049BB1F /* MainMenuScene.swift in Sources */ = {isa = PBXBuildFile; fileRef = 848679511C74C0750049BB1F /* MainMenuScene.swift */; };
		8486795A1C74C1820049BB1F /* MainMenuScene.swift in Sources */ = {isa = PBXBuildFile; fileRef = 848679511C74C0750049BB1F /* MainMenuScene.swift */; };
		84944CDE1C763EC8006F49CE /* OptionsScene.swift in Sources */ = {isa = PBXBuildFile; fileRef = 84944CDD1C763EC8006F49CE /* OptionsScene.swift */; };
		84944CE01C763F54006F49CE /* CreditsScene.swift in Sources */ = {isa = PBXBuildFile; fileRef = 84944CDF1C763F54006F49CE /* CreditsScene.swift */; };
		84944CE21C7641D7006F49CE /* SectorCell.swift in Sources */ = {isa = PBXBuildFile; fileRef = 84944CE11C7641D7006F49CE /* SectorCell.swift */; };
		84944CE31C7641D7006F49CE /* SectorCell.swift in Sources */ = {isa = PBXBuildFile; fileRef = 84944CE11C7641D7006F49CE /* SectorCell.swift */; };
		84944CE41C7641D7006F49CE /* SectorCell.swift in Sources */ = {isa = PBXBuildFile; fileRef = 84944CE11C7641D7006F49CE /* SectorCell.swift */; };
		84944CE61C764535006F49CE /* Label.swift in Sources */ = {isa = PBXBuildFile; fileRef = 84944CE51C764535006F49CE /* Label.swift */; };
		84944CE71C764535006F49CE /* Label.swift in Sources */ = {isa = PBXBuildFile; fileRef = 84944CE51C764535006F49CE /* Label.swift */; };
		84944CE81C764535006F49CE /* Label.swift in Sources */ = {isa = PBXBuildFile; fileRef = 84944CE51C764535006F49CE /* Label.swift */; };
		84944CEA1C7646C2006F49CE /* kenpixel.ttf in Resources */ = {isa = PBXBuildFile; fileRef = 84944CE91C7646C2006F49CE /* kenpixel.ttf */; };
		84944CEB1C7646C2006F49CE /* kenpixel.ttf in Resources */ = {isa = PBXBuildFile; fileRef = 84944CE91C7646C2006F49CE /* kenpixel.ttf */; };
		84944CEC1C7646C2006F49CE /* kenpixel.ttf in Resources */ = {isa = PBXBuildFile; fileRef = 84944CE91C7646C2006F49CE /* kenpixel.ttf */; };
		84AADFF31C7B5C0400AE04DD /* SocketAckEmitter.swift in Sources */ = {isa = PBXBuildFile; fileRef = 84AADFDE1C7B5C0400AE04DD /* SocketAckEmitter.swift */; };
		84AADFF41C7B5C0400AE04DD /* SocketAckEmitter.swift in Sources */ = {isa = PBXBuildFile; fileRef = 84AADFDE1C7B5C0400AE04DD /* SocketAckEmitter.swift */; };
		84AADFF51C7B5C0400AE04DD /* SocketAckEmitter.swift in Sources */ = {isa = PBXBuildFile; fileRef = 84AADFDE1C7B5C0400AE04DD /* SocketAckEmitter.swift */; };
		84AADFF61C7B5C0400AE04DD /* SocketAckManager.swift in Sources */ = {isa = PBXBuildFile; fileRef = 84AADFDF1C7B5C0400AE04DD /* SocketAckManager.swift */; };
		84AADFF71C7B5C0400AE04DD /* SocketAckManager.swift in Sources */ = {isa = PBXBuildFile; fileRef = 84AADFDF1C7B5C0400AE04DD /* SocketAckManager.swift */; };
		84AADFF81C7B5C0400AE04DD /* SocketAckManager.swift in Sources */ = {isa = PBXBuildFile; fileRef = 84AADFDF1C7B5C0400AE04DD /* SocketAckManager.swift */; };
		84AADFF91C7B5C0400AE04DD /* SocketAnyEvent.swift in Sources */ = {isa = PBXBuildFile; fileRef = 84AADFE01C7B5C0400AE04DD /* SocketAnyEvent.swift */; };
		84AADFFA1C7B5C0400AE04DD /* SocketAnyEvent.swift in Sources */ = {isa = PBXBuildFile; fileRef = 84AADFE01C7B5C0400AE04DD /* SocketAnyEvent.swift */; };
		84AADFFB1C7B5C0400AE04DD /* SocketAnyEvent.swift in Sources */ = {isa = PBXBuildFile; fileRef = 84AADFE01C7B5C0400AE04DD /* SocketAnyEvent.swift */; };
		84AADFFC1C7B5C0400AE04DD /* SocketClientSpec.swift in Sources */ = {isa = PBXBuildFile; fileRef = 84AADFE11C7B5C0400AE04DD /* SocketClientSpec.swift */; };
		84AADFFD1C7B5C0400AE04DD /* SocketClientSpec.swift in Sources */ = {isa = PBXBuildFile; fileRef = 84AADFE11C7B5C0400AE04DD /* SocketClientSpec.swift */; };
		84AADFFE1C7B5C0400AE04DD /* SocketClientSpec.swift in Sources */ = {isa = PBXBuildFile; fileRef = 84AADFE11C7B5C0400AE04DD /* SocketClientSpec.swift */; };
		84AADFFF1C7B5C0400AE04DD /* SocketEngine.swift in Sources */ = {isa = PBXBuildFile; fileRef = 84AADFE21C7B5C0400AE04DD /* SocketEngine.swift */; };
		84AAE0001C7B5C0400AE04DD /* SocketEngine.swift in Sources */ = {isa = PBXBuildFile; fileRef = 84AADFE21C7B5C0400AE04DD /* SocketEngine.swift */; };
		84AAE0011C7B5C0400AE04DD /* SocketEngine.swift in Sources */ = {isa = PBXBuildFile; fileRef = 84AADFE21C7B5C0400AE04DD /* SocketEngine.swift */; };
		84AAE0021C7B5C0400AE04DD /* SocketEngineClient.swift in Sources */ = {isa = PBXBuildFile; fileRef = 84AADFE31C7B5C0400AE04DD /* SocketEngineClient.swift */; };
		84AAE0031C7B5C0400AE04DD /* SocketEngineClient.swift in Sources */ = {isa = PBXBuildFile; fileRef = 84AADFE31C7B5C0400AE04DD /* SocketEngineClient.swift */; };
		84AAE0041C7B5C0400AE04DD /* SocketEngineClient.swift in Sources */ = {isa = PBXBuildFile; fileRef = 84AADFE31C7B5C0400AE04DD /* SocketEngineClient.swift */; };
		84AAE0051C7B5C0400AE04DD /* SocketEnginePacketType.swift in Sources */ = {isa = PBXBuildFile; fileRef = 84AADFE41C7B5C0400AE04DD /* SocketEnginePacketType.swift */; };
		84AAE0061C7B5C0400AE04DD /* SocketEnginePacketType.swift in Sources */ = {isa = PBXBuildFile; fileRef = 84AADFE41C7B5C0400AE04DD /* SocketEnginePacketType.swift */; };
		84AAE0071C7B5C0400AE04DD /* SocketEnginePacketType.swift in Sources */ = {isa = PBXBuildFile; fileRef = 84AADFE41C7B5C0400AE04DD /* SocketEnginePacketType.swift */; };
		84AAE0081C7B5C0400AE04DD /* SocketEnginePollable.swift in Sources */ = {isa = PBXBuildFile; fileRef = 84AADFE51C7B5C0400AE04DD /* SocketEnginePollable.swift */; };
		84AAE0091C7B5C0400AE04DD /* SocketEnginePollable.swift in Sources */ = {isa = PBXBuildFile; fileRef = 84AADFE51C7B5C0400AE04DD /* SocketEnginePollable.swift */; };
		84AAE00A1C7B5C0400AE04DD /* SocketEnginePollable.swift in Sources */ = {isa = PBXBuildFile; fileRef = 84AADFE51C7B5C0400AE04DD /* SocketEnginePollable.swift */; };
		84AAE00B1C7B5C0400AE04DD /* SocketEngineSpec.swift in Sources */ = {isa = PBXBuildFile; fileRef = 84AADFE61C7B5C0400AE04DD /* SocketEngineSpec.swift */; };
		84AAE00C1C7B5C0400AE04DD /* SocketEngineSpec.swift in Sources */ = {isa = PBXBuildFile; fileRef = 84AADFE61C7B5C0400AE04DD /* SocketEngineSpec.swift */; };
		84AAE00D1C7B5C0400AE04DD /* SocketEngineSpec.swift in Sources */ = {isa = PBXBuildFile; fileRef = 84AADFE61C7B5C0400AE04DD /* SocketEngineSpec.swift */; };
		84AAE00E1C7B5C0400AE04DD /* SocketEngineWebsocket.swift in Sources */ = {isa = PBXBuildFile; fileRef = 84AADFE71C7B5C0400AE04DD /* SocketEngineWebsocket.swift */; };
		84AAE00F1C7B5C0400AE04DD /* SocketEngineWebsocket.swift in Sources */ = {isa = PBXBuildFile; fileRef = 84AADFE71C7B5C0400AE04DD /* SocketEngineWebsocket.swift */; };
		84AAE0101C7B5C0400AE04DD /* SocketEngineWebsocket.swift in Sources */ = {isa = PBXBuildFile; fileRef = 84AADFE71C7B5C0400AE04DD /* SocketEngineWebsocket.swift */; };
		84AAE0111C7B5C0400AE04DD /* SocketEventHandler.swift in Sources */ = {isa = PBXBuildFile; fileRef = 84AADFE81C7B5C0400AE04DD /* SocketEventHandler.swift */; };
		84AAE0121C7B5C0400AE04DD /* SocketEventHandler.swift in Sources */ = {isa = PBXBuildFile; fileRef = 84AADFE81C7B5C0400AE04DD /* SocketEventHandler.swift */; };
		84AAE0131C7B5C0400AE04DD /* SocketEventHandler.swift in Sources */ = {isa = PBXBuildFile; fileRef = 84AADFE81C7B5C0400AE04DD /* SocketEventHandler.swift */; };
		84AAE0141C7B5C0400AE04DD /* SocketIOClient.swift in Sources */ = {isa = PBXBuildFile; fileRef = 84AADFE91C7B5C0400AE04DD /* SocketIOClient.swift */; };
		84AAE0151C7B5C0400AE04DD /* SocketIOClient.swift in Sources */ = {isa = PBXBuildFile; fileRef = 84AADFE91C7B5C0400AE04DD /* SocketIOClient.swift */; };
		84AAE0161C7B5C0400AE04DD /* SocketIOClient.swift in Sources */ = {isa = PBXBuildFile; fileRef = 84AADFE91C7B5C0400AE04DD /* SocketIOClient.swift */; };
		84AAE0171C7B5C0400AE04DD /* SocketIOClientOption.swift in Sources */ = {isa = PBXBuildFile; fileRef = 84AADFEA1C7B5C0400AE04DD /* SocketIOClientOption.swift */; };
		84AAE0181C7B5C0400AE04DD /* SocketIOClientOption.swift in Sources */ = {isa = PBXBuildFile; fileRef = 84AADFEA1C7B5C0400AE04DD /* SocketIOClientOption.swift */; };
		84AAE0191C7B5C0400AE04DD /* SocketIOClientOption.swift in Sources */ = {isa = PBXBuildFile; fileRef = 84AADFEA1C7B5C0400AE04DD /* SocketIOClientOption.swift */; };
		84AAE01A1C7B5C0400AE04DD /* SocketIOClientStatus.swift in Sources */ = {isa = PBXBuildFile; fileRef = 84AADFEB1C7B5C0400AE04DD /* SocketIOClientStatus.swift */; };
		84AAE01B1C7B5C0400AE04DD /* SocketIOClientStatus.swift in Sources */ = {isa = PBXBuildFile; fileRef = 84AADFEB1C7B5C0400AE04DD /* SocketIOClientStatus.swift */; };
		84AAE01C1C7B5C0400AE04DD /* SocketIOClientStatus.swift in Sources */ = {isa = PBXBuildFile; fileRef = 84AADFEB1C7B5C0400AE04DD /* SocketIOClientStatus.swift */; };
		84AAE01D1C7B5C0400AE04DD /* SocketLogger.swift in Sources */ = {isa = PBXBuildFile; fileRef = 84AADFEC1C7B5C0400AE04DD /* SocketLogger.swift */; };
		84AAE01E1C7B5C0400AE04DD /* SocketLogger.swift in Sources */ = {isa = PBXBuildFile; fileRef = 84AADFEC1C7B5C0400AE04DD /* SocketLogger.swift */; };
		84AAE01F1C7B5C0400AE04DD /* SocketLogger.swift in Sources */ = {isa = PBXBuildFile; fileRef = 84AADFEC1C7B5C0400AE04DD /* SocketLogger.swift */; };
		84AAE0201C7B5C0400AE04DD /* SocketPacket.swift in Sources */ = {isa = PBXBuildFile; fileRef = 84AADFED1C7B5C0400AE04DD /* SocketPacket.swift */; };
		84AAE0211C7B5C0400AE04DD /* SocketPacket.swift in Sources */ = {isa = PBXBuildFile; fileRef = 84AADFED1C7B5C0400AE04DD /* SocketPacket.swift */; };
		84AAE0221C7B5C0400AE04DD /* SocketPacket.swift in Sources */ = {isa = PBXBuildFile; fileRef = 84AADFED1C7B5C0400AE04DD /* SocketPacket.swift */; };
		84AAE0231C7B5C0400AE04DD /* SocketParsable.swift in Sources */ = {isa = PBXBuildFile; fileRef = 84AADFEE1C7B5C0400AE04DD /* SocketParsable.swift */; };
		84AAE0241C7B5C0400AE04DD /* SocketParsable.swift in Sources */ = {isa = PBXBuildFile; fileRef = 84AADFEE1C7B5C0400AE04DD /* SocketParsable.swift */; };
		84AAE0251C7B5C0400AE04DD /* SocketParsable.swift in Sources */ = {isa = PBXBuildFile; fileRef = 84AADFEE1C7B5C0400AE04DD /* SocketParsable.swift */; };
		84AAE0261C7B5C0400AE04DD /* SocketStringReader.swift in Sources */ = {isa = PBXBuildFile; fileRef = 84AADFEF1C7B5C0400AE04DD /* SocketStringReader.swift */; };
		84AAE0271C7B5C0400AE04DD /* SocketStringReader.swift in Sources */ = {isa = PBXBuildFile; fileRef = 84AADFEF1C7B5C0400AE04DD /* SocketStringReader.swift */; };
		84AAE0281C7B5C0400AE04DD /* SocketStringReader.swift in Sources */ = {isa = PBXBuildFile; fileRef = 84AADFEF1C7B5C0400AE04DD /* SocketStringReader.swift */; };
		84AAE0291C7B5C0400AE04DD /* SocketTypes.swift in Sources */ = {isa = PBXBuildFile; fileRef = 84AADFF01C7B5C0400AE04DD /* SocketTypes.swift */; };
		84AAE02A1C7B5C0400AE04DD /* SocketTypes.swift in Sources */ = {isa = PBXBuildFile; fileRef = 84AADFF01C7B5C0400AE04DD /* SocketTypes.swift */; };
		84AAE02B1C7B5C0400AE04DD /* SocketTypes.swift in Sources */ = {isa = PBXBuildFile; fileRef = 84AADFF01C7B5C0400AE04DD /* SocketTypes.swift */; };
		84AAE02C1C7B5C0400AE04DD /* SwiftRegex.swift in Sources */ = {isa = PBXBuildFile; fileRef = 84AADFF11C7B5C0400AE04DD /* SwiftRegex.swift */; };
		84AAE02D1C7B5C0400AE04DD /* SwiftRegex.swift in Sources */ = {isa = PBXBuildFile; fileRef = 84AADFF11C7B5C0400AE04DD /* SwiftRegex.swift */; };
		84AAE02E1C7B5C0400AE04DD /* SwiftRegex.swift in Sources */ = {isa = PBXBuildFile; fileRef = 84AADFF11C7B5C0400AE04DD /* SwiftRegex.swift */; };
		84AAE02F1C7B5C0400AE04DD /* WebSocket.swift in Sources */ = {isa = PBXBuildFile; fileRef = 84AADFF21C7B5C0400AE04DD /* WebSocket.swift */; };
		84AAE0301C7B5C0400AE04DD /* WebSocket.swift in Sources */ = {isa = PBXBuildFile; fileRef = 84AADFF21C7B5C0400AE04DD /* WebSocket.swift */; };
		84AAE0311C7B5C0400AE04DD /* WebSocket.swift in Sources */ = {isa = PBXBuildFile; fileRef = 84AADFF21C7B5C0400AE04DD /* WebSocket.swift */; };
		84B762CB1C85CA7F0016C24B /* BlackSpriteNode.swift in Sources */ = {isa = PBXBuildFile; fileRef = 84B762CA1C85CA7F0016C24B /* BlackSpriteNode.swift */; };
		84B762CC1C85CA7F0016C24B /* BlackSpriteNode.swift in Sources */ = {isa = PBXBuildFile; fileRef = 84B762CA1C85CA7F0016C24B /* BlackSpriteNode.swift */; };
		84B762CD1C85CA7F0016C24B /* BlackSpriteNode.swift in Sources */ = {isa = PBXBuildFile; fileRef = 84B762CA1C85CA7F0016C24B /* BlackSpriteNode.swift */; };
/* End PBXBuildFile section */

/* Begin PBXFileReference section */
		840661411C74FB4F00D8C1CD /* HangarScene.swift */ = {isa = PBXFileReference; fileEncoding = 4; lastKnownFileType = sourcecode.swift; path = HangarScene.swift; sourceTree = "<group>"; };
		840661451C7502AF00D8C1CD /* ChooseSector.swift */ = {isa = PBXFileReference; fileEncoding = 4; lastKnownFileType = sourcecode.swift; path = ChooseSector.swift; sourceTree = "<group>"; };
		8407F6281C8DE7CB004F253F /* Enemy.swift */ = {isa = PBXFileReference; fileEncoding = 4; lastKnownFileType = sourcecode.swift; path = Enemy.swift; sourceTree = "<group>"; };
		8407F6291C8DE7CB004F253F /* Laser.swift */ = {isa = PBXFileReference; fileEncoding = 4; lastKnownFileType = sourcecode.swift; path = Laser.swift; sourceTree = "<group>"; };
		8407F62A1C8DE7CB004F253F /* Parallax.swift */ = {isa = PBXFileReference; fileEncoding = 4; lastKnownFileType = sourcecode.swift; path = Parallax.swift; sourceTree = "<group>"; };
		8407F62B1C8DE7CB004F253F /* PlayerShip.swift */ = {isa = PBXFileReference; fileEncoding = 4; lastKnownFileType = sourcecode.swift; path = PlayerShip.swift; sourceTree = "<group>"; };
		8407F62C1C8DE7CB004F253F /* Thumbstick.swift */ = {isa = PBXFileReference; fileEncoding = 4; lastKnownFileType = sourcecode.swift; path = Thumbstick.swift; sourceTree = "<group>"; };
		8407F62D1C8DE7CB004F253F /* Ufo.swift */ = {isa = PBXFileReference; fileEncoding = 4; lastKnownFileType = sourcecode.swift; path = Ufo.swift; sourceTree = "<group>"; };
		8407F6401C8DE7EF004F253F /* World.swift */ = {isa = PBXFileReference; fileEncoding = 4; lastKnownFileType = sourcecode.swift; path = World.swift; sourceTree = "<group>"; };
		844AB32F1C85D81A0033D00B /* GameTextField.swift */ = {isa = PBXFileReference; fileEncoding = 4; lastKnownFileType = sourcecode.swift; path = GameTextField.swift; sourceTree = "<group>"; };
		848678C11C748B0C0049BB1F /* Game iOS.app */ = {isa = PBXFileReference; explicitFileType = wrapper.application; includeInIndex = 0; path = "Game iOS.app"; sourceTree = BUILT_PRODUCTS_DIR; };
		848678C31C748B0C0049BB1F /* AppDelegate.swift */ = {isa = PBXFileReference; lastKnownFileType = sourcecode.swift; path = AppDelegate.swift; sourceTree = "<group>"; };
		848678C91C748B0C0049BB1F /* GameViewController.swift */ = {isa = PBXFileReference; lastKnownFileType = sourcecode.swift; path = GameViewController.swift; sourceTree = "<group>"; };
		848678CC1C748B0C0049BB1F /* Base */ = {isa = PBXFileReference; lastKnownFileType = file.storyboard; name = Base; path = Base.lproj/Main.storyboard; sourceTree = "<group>"; };
		848678CE1C748B0C0049BB1F /* Assets.xcassets */ = {isa = PBXFileReference; lastKnownFileType = folder.assetcatalog; path = Assets.xcassets; sourceTree = "<group>"; };
		848678D11C748B0C0049BB1F /* Base */ = {isa = PBXFileReference; lastKnownFileType = file.storyboard; name = Base; path = Base.lproj/LaunchScreen.storyboard; sourceTree = "<group>"; };
		848678D31C748B0C0049BB1F /* Info.plist */ = {isa = PBXFileReference; lastKnownFileType = text.plist.xml; path = Info.plist; sourceTree = "<group>"; };
		848678DB1C748B1F0049BB1F /* SpaceGame.app */ = {isa = PBXFileReference; explicitFileType = wrapper.application; includeInIndex = 0; path = SpaceGame.app; sourceTree = BUILT_PRODUCTS_DIR; };
		848678DD1C748B1F0049BB1F /* AppDelegate.swift */ = {isa = PBXFileReference; lastKnownFileType = sourcecode.swift; path = AppDelegate.swift; sourceTree = "<group>"; };
		848678E31C748B1F0049BB1F /* GameViewController.swift */ = {isa = PBXFileReference; lastKnownFileType = sourcecode.swift; path = GameViewController.swift; sourceTree = "<group>"; };
		848678E51C748B1F0049BB1F /* Game.xcassets */ = {isa = PBXFileReference; lastKnownFileType = folder.assetcatalog; path = Game.xcassets; sourceTree = "<group>"; };
		848678E81C748B1F0049BB1F /* Base */ = {isa = PBXFileReference; lastKnownFileType = file.storyboard; name = Base; path = Base.lproj/Main.storyboard; sourceTree = "<group>"; };
		848678EA1C748B1F0049BB1F /* Assets.xcassets */ = {isa = PBXFileReference; lastKnownFileType = folder.assetcatalog; path = Assets.xcassets; sourceTree = "<group>"; };
		848678EC1C748B1F0049BB1F /* Info.plist */ = {isa = PBXFileReference; lastKnownFileType = text.plist.xml; path = Info.plist; sourceTree = "<group>"; };
		848678F41C748B470049BB1F /* Game OS X.app */ = {isa = PBXFileReference; explicitFileType = wrapper.application; includeInIndex = 0; path = "Game OS X.app"; sourceTree = BUILT_PRODUCTS_DIR; };
		848678F61C748B470049BB1F /* AppDelegate.swift */ = {isa = PBXFileReference; lastKnownFileType = sourcecode.swift; path = AppDelegate.swift; sourceTree = "<group>"; };
		848678FC1C748B470049BB1F /* Assets.xcassets */ = {isa = PBXFileReference; lastKnownFileType = folder.assetcatalog; path = Assets.xcassets; sourceTree = "<group>"; };
		848678FF1C748B470049BB1F /* Base */ = {isa = PBXFileReference; lastKnownFileType = file.xib; name = Base; path = Base.lproj/MainMenu.xib; sourceTree = "<group>"; };
		848679011C748B480049BB1F /* Info.plist */ = {isa = PBXFileReference; lastKnownFileType = text.plist.xml; path = Info.plist; sourceTree = "<group>"; };
		848679081C748CD30049BB1F /* Media.xcassets */ = {isa = PBXFileReference; lastKnownFileType = folder.assetcatalog; path = Media.xcassets; sourceTree = "<group>"; };
		848679121C748F2C0049BB1F /* GeometryExtensions.swift */ = {isa = PBXFileReference; fileEncoding = 4; lastKnownFileType = sourcecode.swift; path = GeometryExtensions.swift; sourceTree = "<group>"; };
		848679141C748F2C0049BB1F /* Config.swift */ = {isa = PBXFileReference; fileEncoding = 4; lastKnownFileType = sourcecode.swift; path = Config.swift; sourceTree = "<group>"; };
		848679151C748F2C0049BB1F /* GameScene.swift */ = {isa = PBXFileReference; fileEncoding = 4; lastKnownFileType = sourcecode.swift; path = GameScene.swift; sourceTree = "<group>"; };
		848679161C748F2C0049BB1F /* Control.swift */ = {isa = PBXFileReference; fileEncoding = 4; lastKnownFileType = sourcecode.swift; path = Control.swift; sourceTree = "<group>"; };
		848679171C748F2C0049BB1F /* GameCamera.swift */ = {isa = PBXFileReference; fileEncoding = 4; lastKnownFileType = sourcecode.swift; path = GameCamera.swift; sourceTree = "<group>"; };
		848679181C748F2C0049BB1F /* Button.swift */ = {isa = PBXFileReference; fileEncoding = 4; lastKnownFileType = sourcecode.swift; path = Button.swift; sourceTree = "<group>"; };
		848679191C748F2C0049BB1F /* Box.swift */ = {isa = PBXFileReference; fileEncoding = 4; lastKnownFileType = sourcecode.swift; path = Box.swift; sourceTree = "<group>"; };
		8486791A1C748F2C0049BB1F /* CropBox.swift */ = {isa = PBXFileReference; fileEncoding = 4; lastKnownFileType = sourcecode.swift; path = CropBox.swift; sourceTree = "<group>"; };
		8486791B1C748F2C0049BB1F /* ScrollNode.swift */ = {isa = PBXFileReference; fileEncoding = 4; lastKnownFileType = sourcecode.swift; path = ScrollNode.swift; sourceTree = "<group>"; };
		8486791C1C748F2C0049BB1F /* Event.swift */ = {isa = PBXFileReference; fileEncoding = 4; lastKnownFileType = sourcecode.swift; path = Event.swift; sourceTree = "<group>"; };
		8486791D1C748F2C0049BB1F /* GameColors.swift */ = {isa = PBXFileReference; fileEncoding = 4; lastKnownFileType = sourcecode.swift; path = GameColors.swift; sourceTree = "<group>"; };
		8486791E1C748F2C0049BB1F /* GameFonts.swift */ = {isa = PBXFileReference; fileEncoding = 4; lastKnownFileType = sourcecode.swift; path = GameFonts.swift; sourceTree = "<group>"; };
		8486791F1C748F2C0049BB1F /* Music.swift */ = {isa = PBXFileReference; fileEncoding = 4; lastKnownFileType = sourcecode.swift; path = Music.swift; sourceTree = "<group>"; };
		848679511C74C0750049BB1F /* MainMenuScene.swift */ = {isa = PBXFileReference; fileEncoding = 4; lastKnownFileType = sourcecode.swift; path = MainMenuScene.swift; sourceTree = "<group>"; };
		848679551C74C1100049BB1F /* MissionScene.swift */ = {isa = PBXFileReference; fileEncoding = 4; lastKnownFileType = sourcecode.swift; path = MissionScene.swift; sourceTree = "<group>"; };
		84944CDD1C763EC8006F49CE /* OptionsScene.swift */ = {isa = PBXFileReference; fileEncoding = 4; lastKnownFileType = sourcecode.swift; name = OptionsScene.swift; path = Scenes/OptionsScene.swift; sourceTree = "<group>"; };
		84944CDF1C763F54006F49CE /* CreditsScene.swift */ = {isa = PBXFileReference; fileEncoding = 4; lastKnownFileType = sourcecode.swift; path = CreditsScene.swift; sourceTree = "<group>"; };
		84944CE11C7641D7006F49CE /* SectorCell.swift */ = {isa = PBXFileReference; fileEncoding = 4; lastKnownFileType = sourcecode.swift; path = SectorCell.swift; sourceTree = "<group>"; };
		84944CE51C764535006F49CE /* Label.swift */ = {isa = PBXFileReference; fileEncoding = 4; lastKnownFileType = sourcecode.swift; path = Label.swift; sourceTree = "<group>"; };
		84944CE91C7646C2006F49CE /* kenpixel.ttf */ = {isa = PBXFileReference; lastKnownFileType = file; path = kenpixel.ttf; sourceTree = "<group>"; };
		84AADFDE1C7B5C0400AE04DD /* SocketAckEmitter.swift */ = {isa = PBXFileReference; fileEncoding = 4; lastKnownFileType = sourcecode.swift; path = SocketAckEmitter.swift; sourceTree = "<group>"; };
		84AADFDF1C7B5C0400AE04DD /* SocketAckManager.swift */ = {isa = PBXFileReference; fileEncoding = 4; lastKnownFileType = sourcecode.swift; path = SocketAckManager.swift; sourceTree = "<group>"; };
		84AADFE01C7B5C0400AE04DD /* SocketAnyEvent.swift */ = {isa = PBXFileReference; fileEncoding = 4; lastKnownFileType = sourcecode.swift; path = SocketAnyEvent.swift; sourceTree = "<group>"; };
		84AADFE11C7B5C0400AE04DD /* SocketClientSpec.swift */ = {isa = PBXFileReference; fileEncoding = 4; lastKnownFileType = sourcecode.swift; path = SocketClientSpec.swift; sourceTree = "<group>"; };
		84AADFE21C7B5C0400AE04DD /* SocketEngine.swift */ = {isa = PBXFileReference; fileEncoding = 4; lastKnownFileType = sourcecode.swift; path = SocketEngine.swift; sourceTree = "<group>"; };
		84AADFE31C7B5C0400AE04DD /* SocketEngineClient.swift */ = {isa = PBXFileReference; fileEncoding = 4; lastKnownFileType = sourcecode.swift; path = SocketEngineClient.swift; sourceTree = "<group>"; };
		84AADFE41C7B5C0400AE04DD /* SocketEnginePacketType.swift */ = {isa = PBXFileReference; fileEncoding = 4; lastKnownFileType = sourcecode.swift; path = SocketEnginePacketType.swift; sourceTree = "<group>"; };
		84AADFE51C7B5C0400AE04DD /* SocketEnginePollable.swift */ = {isa = PBXFileReference; fileEncoding = 4; lastKnownFileType = sourcecode.swift; path = SocketEnginePollable.swift; sourceTree = "<group>"; };
		84AADFE61C7B5C0400AE04DD /* SocketEngineSpec.swift */ = {isa = PBXFileReference; fileEncoding = 4; lastKnownFileType = sourcecode.swift; path = SocketEngineSpec.swift; sourceTree = "<group>"; };
		84AADFE71C7B5C0400AE04DD /* SocketEngineWebsocket.swift */ = {isa = PBXFileReference; fileEncoding = 4; lastKnownFileType = sourcecode.swift; path = SocketEngineWebsocket.swift; sourceTree = "<group>"; };
		84AADFE81C7B5C0400AE04DD /* SocketEventHandler.swift */ = {isa = PBXFileReference; fileEncoding = 4; lastKnownFileType = sourcecode.swift; path = SocketEventHandler.swift; sourceTree = "<group>"; };
		84AADFE91C7B5C0400AE04DD /* SocketIOClient.swift */ = {isa = PBXFileReference; fileEncoding = 4; lastKnownFileType = sourcecode.swift; path = SocketIOClient.swift; sourceTree = "<group>"; };
		84AADFEA1C7B5C0400AE04DD /* SocketIOClientOption.swift */ = {isa = PBXFileReference; fileEncoding = 4; lastKnownFileType = sourcecode.swift; path = SocketIOClientOption.swift; sourceTree = "<group>"; };
		84AADFEB1C7B5C0400AE04DD /* SocketIOClientStatus.swift */ = {isa = PBXFileReference; fileEncoding = 4; lastKnownFileType = sourcecode.swift; path = SocketIOClientStatus.swift; sourceTree = "<group>"; };
		84AADFEC1C7B5C0400AE04DD /* SocketLogger.swift */ = {isa = PBXFileReference; fileEncoding = 4; lastKnownFileType = sourcecode.swift; path = SocketLogger.swift; sourceTree = "<group>"; };
		84AADFED1C7B5C0400AE04DD /* SocketPacket.swift */ = {isa = PBXFileReference; fileEncoding = 4; lastKnownFileType = sourcecode.swift; path = SocketPacket.swift; sourceTree = "<group>"; };
		84AADFEE1C7B5C0400AE04DD /* SocketParsable.swift */ = {isa = PBXFileReference; fileEncoding = 4; lastKnownFileType = sourcecode.swift; path = SocketParsable.swift; sourceTree = "<group>"; };
		84AADFEF1C7B5C0400AE04DD /* SocketStringReader.swift */ = {isa = PBXFileReference; fileEncoding = 4; lastKnownFileType = sourcecode.swift; path = SocketStringReader.swift; sourceTree = "<group>"; };
		84AADFF01C7B5C0400AE04DD /* SocketTypes.swift */ = {isa = PBXFileReference; fileEncoding = 4; lastKnownFileType = sourcecode.swift; path = SocketTypes.swift; sourceTree = "<group>"; };
		84AADFF11C7B5C0400AE04DD /* SwiftRegex.swift */ = {isa = PBXFileReference; fileEncoding = 4; lastKnownFileType = sourcecode.swift; path = SwiftRegex.swift; sourceTree = "<group>"; };
		84AADFF21C7B5C0400AE04DD /* WebSocket.swift */ = {isa = PBXFileReference; fileEncoding = 4; lastKnownFileType = sourcecode.swift; path = WebSocket.swift; sourceTree = "<group>"; };
		84AAE0331C7B924500AE04DD /* Game iOS-Bridging-Header.h */ = {isa = PBXFileReference; lastKnownFileType = sourcecode.c.h; path = "Game iOS-Bridging-Header.h"; sourceTree = SOURCE_ROOT; };
		84AAE0341C7B924500AE04DD /* Game tvOS-Bridging-Header.h */ = {isa = PBXFileReference; lastKnownFileType = sourcecode.c.h; path = "Game tvOS-Bridging-Header.h"; sourceTree = SOURCE_ROOT; };
		84AAE0351C7B924500AE04DD /* Game OS X-Bridging-Header.h */ = {isa = PBXFileReference; lastKnownFileType = sourcecode.c.h; path = "Game OS X-Bridging-Header.h"; sourceTree = SOURCE_ROOT; };
		84B31C5A1C7DE1AE006D5390 /* main.js */ = {isa = PBXFileReference; lastKnownFileType = sourcecode.javascript; name = main.js; path = Server/main.js; sourceTree = "<group>"; };
		84B762CA1C85CA7F0016C24B /* BlackSpriteNode.swift */ = {isa = PBXFileReference; fileEncoding = 4; lastKnownFileType = sourcecode.swift; path = BlackSpriteNode.swift; sourceTree = "<group>"; };
/* End PBXFileReference section */

/* Begin PBXFrameworksBuildPhase section */
		848678BE1C748B0C0049BB1F /* Frameworks */ = {
			isa = PBXFrameworksBuildPhase;
			buildActionMask = 2147483647;
			files = (
			);
			runOnlyForDeploymentPostprocessing = 0;
		};
		848678D81C748B1F0049BB1F /* Frameworks */ = {
			isa = PBXFrameworksBuildPhase;
			buildActionMask = 2147483647;
			files = (
			);
			runOnlyForDeploymentPostprocessing = 0;
		};
		848678F11C748B470049BB1F /* Frameworks */ = {
			isa = PBXFrameworksBuildPhase;
			buildActionMask = 2147483647;
			files = (
			);
			runOnlyForDeploymentPostprocessing = 0;
		};
/* End PBXFrameworksBuildPhase section */

/* Begin PBXGroup section */
		847F793E1C7B539E001CE8B1 /* SocketIOClientSwift */ = {
			isa = PBXGroup;
			children = (
				84AADFDE1C7B5C0400AE04DD /* SocketAckEmitter.swift */,
				84AADFDF1C7B5C0400AE04DD /* SocketAckManager.swift */,
				84AADFE01C7B5C0400AE04DD /* SocketAnyEvent.swift */,
				84AADFE11C7B5C0400AE04DD /* SocketClientSpec.swift */,
				84AADFE21C7B5C0400AE04DD /* SocketEngine.swift */,
				84AADFE31C7B5C0400AE04DD /* SocketEngineClient.swift */,
				84AADFE41C7B5C0400AE04DD /* SocketEnginePacketType.swift */,
				84AADFE51C7B5C0400AE04DD /* SocketEnginePollable.swift */,
				84AADFE61C7B5C0400AE04DD /* SocketEngineSpec.swift */,
				84AADFE71C7B5C0400AE04DD /* SocketEngineWebsocket.swift */,
				84AADFE81C7B5C0400AE04DD /* SocketEventHandler.swift */,
				84AADFE91C7B5C0400AE04DD /* SocketIOClient.swift */,
				84AADFEA1C7B5C0400AE04DD /* SocketIOClientOption.swift */,
				84AADFEB1C7B5C0400AE04DD /* SocketIOClientStatus.swift */,
				84AADFEC1C7B5C0400AE04DD /* SocketLogger.swift */,
				84AADFED1C7B5C0400AE04DD /* SocketPacket.swift */,
				84AADFEE1C7B5C0400AE04DD /* SocketParsable.swift */,
				84AADFEF1C7B5C0400AE04DD /* SocketStringReader.swift */,
				84AADFF01C7B5C0400AE04DD /* SocketTypes.swift */,
				84AADFF11C7B5C0400AE04DD /* SwiftRegex.swift */,
				84AADFF21C7B5C0400AE04DD /* WebSocket.swift */,
			);
			name = SocketIOClientSwift;
			path = "../../Socket.IO-Client-Swift/Source";
			sourceTree = "<group>";
		};
		848678C21C748B0C0049BB1F /* Game iOS */ = {
			isa = PBXGroup;
			children = (
				848678C31C748B0C0049BB1F /* AppDelegate.swift */,
				848678C91C748B0C0049BB1F /* GameViewController.swift */,
				848678CB1C748B0C0049BB1F /* Main.storyboard */,
				848678CE1C748B0C0049BB1F /* Assets.xcassets */,
				848678D01C748B0C0049BB1F /* LaunchScreen.storyboard */,
				848678D31C748B0C0049BB1F /* Info.plist */,
			);
			path = "Game iOS";
			sourceTree = "<group>";
		};
		848678DC1C748B1F0049BB1F /* Game tvOS */ = {
			isa = PBXGroup;
			children = (
				848678DD1C748B1F0049BB1F /* AppDelegate.swift */,
				848678E31C748B1F0049BB1F /* GameViewController.swift */,
				848678E51C748B1F0049BB1F /* Game.xcassets */,
				848678E71C748B1F0049BB1F /* Main.storyboard */,
				848678EA1C748B1F0049BB1F /* Assets.xcassets */,
				848678EC1C748B1F0049BB1F /* Info.plist */,
			);
			path = "Game tvOS";
			sourceTree = "<group>";
		};
		848678F51C748B470049BB1F /* Game OS X */ = {
			isa = PBXGroup;
			children = (
				848678F61C748B470049BB1F /* AppDelegate.swift */,
				848678FC1C748B470049BB1F /* Assets.xcassets */,
				848678FE1C748B470049BB1F /* MainMenu.xib */,
				848679011C748B480049BB1F /* Info.plist */,
			);
			path = "Game OS X";
			sourceTree = "<group>";
		};
		848679051C748B5D0049BB1F /* Game */ = {
			isa = PBXGroup;
			children = (
				848679071C748C0A0049BB1F /* Game */,
				848678C21C748B0C0049BB1F /* Game iOS */,
				848678F51C748B470049BB1F /* Game OS X */,
				848678DC1C748B1F0049BB1F /* Game tvOS */,
			);
			name = Game;
			sourceTree = "<group>";
		};
		848679071C748C0A0049BB1F /* Game */ = {
			isa = PBXGroup;
			children = (
				84AAE0331C7B924500AE04DD /* Game iOS-Bridging-Header.h */,
				84AAE0341C7B924500AE04DD /* Game tvOS-Bridging-Header.h */,
				84AAE0351C7B924500AE04DD /* Game OS X-Bridging-Header.h */,
				8486790F1C748DFC0049BB1F /* _src */,
				8486790E1C748DE50049BB1F /* Sound Effects */,
				8486790D1C748DC60049BB1F /* Scenes */,
				8486790C1C748DBC0049BB1F /* Fonts */,
				848679081C748CD30049BB1F /* Media.xcassets */,
				84944CDD1C763EC8006F49CE /* OptionsScene.swift */,
			);
			path = Game;
			sourceTree = "<group>";
		};
		8486790C1C748DBC0049BB1F /* Fonts */ = {
			isa = PBXGroup;
			children = (
				84944CE91C7646C2006F49CE /* kenpixel.ttf */,
			);
			path = Fonts;
			sourceTree = "<group>";
		};
		8486790D1C748DC60049BB1F /* Scenes */ = {
			isa = PBXGroup;
			children = (
				840661451C7502AF00D8C1CD /* ChooseSector.swift */,
				84944CDF1C763F54006F49CE /* CreditsScene.swift */,
				840661411C74FB4F00D8C1CD /* HangarScene.swift */,
				848679511C74C0750049BB1F /* MainMenuScene.swift */,
				848679551C74C1100049BB1F /* MissionScene.swift */,
			);
			path = Scenes;
			sourceTree = "<group>";
		};
		8486790E1C748DE50049BB1F /* Sound Effects */ = {
			isa = PBXGroup;
			children = (
			);
			path = "Sound Effects";
			sourceTree = "<group>";
		};
		8486790F1C748DFC0049BB1F /* _src */ = {
			isa = PBXGroup;
			children = (
				848679101C748E0F0049BB1F /* _CoreData */,
				848679111C748E1E0049BB1F /* _Game */,
				84B762CA1C85CA7F0016C24B /* BlackSpriteNode.swift */,
				848679191C748F2C0049BB1F /* Box.swift */,
				848679181C748F2C0049BB1F /* Button.swift */,
				848679141C748F2C0049BB1F /* Config.swift */,
				848679161C748F2C0049BB1F /* Control.swift */,
				8486791A1C748F2C0049BB1F /* CropBox.swift */,
				8486791C1C748F2C0049BB1F /* Event.swift */,
				848679171C748F2C0049BB1F /* GameCamera.swift */,
				8486791D1C748F2C0049BB1F /* GameColors.swift */,
				8486791E1C748F2C0049BB1F /* GameFonts.swift */,
				848679151C748F2C0049BB1F /* GameScene.swift */,
				848679121C748F2C0049BB1F /* GeometryExtensions.swift */,
				84944CE51C764535006F49CE /* Label.swift */,
				8486791F1C748F2C0049BB1F /* Music.swift */,
				8486791B1C748F2C0049BB1F /* ScrollNode.swift */,
				844AB32F1C85D81A0033D00B /* GameTextField.swift */,
			);
			name = _src;
			path = src;
			sourceTree = "<group>";
		};
		848679101C748E0F0049BB1F /* _CoreData */ = {
			isa = PBXGroup;
			children = (
			);
			name = _CoreData;
			path = CoreData;
			sourceTree = "<group>";
		};
		848679111C748E1E0049BB1F /* _Game */ = {
			isa = PBXGroup;
			children = (
				8407F6401C8DE7EF004F253F /* World.swift */,
				8407F6281C8DE7CB004F253F /* Enemy.swift */,
				8407F6291C8DE7CB004F253F /* Laser.swift */,
				8407F62A1C8DE7CB004F253F /* Parallax.swift */,
				8407F62B1C8DE7CB004F253F /* PlayerShip.swift */,
				8407F62C1C8DE7CB004F253F /* Thumbstick.swift */,
				8407F62D1C8DE7CB004F253F /* Ufo.swift */,
				84944CE11C7641D7006F49CE /* SectorCell.swift */,
			);
			name = _Game;
			path = Game;
			sourceTree = "<group>";
		};
		84B31C591C7DE18E006D5390 /* Server */ = {
			isa = PBXGroup;
			children = (
				84B31C5A1C7DE1AE006D5390 /* main.js */,
			);
			name = Server;
			sourceTree = "<group>";
		};
		84B9C8E91C7487160080CE52 = {
			isa = PBXGroup;
			children = (
				84B31C591C7DE18E006D5390 /* Server */,
				847F793E1C7B539E001CE8B1 /* SocketIOClientSwift */,
				848679051C748B5D0049BB1F /* Game */,
				84B9C8F31C7487160080CE52 /* Products */,
			);
			sourceTree = "<group>";
		};
		84B9C8F31C7487160080CE52 /* Products */ = {
			isa = PBXGroup;
			children = (
				848678C11C748B0C0049BB1F /* Game iOS.app */,
				848678DB1C748B1F0049BB1F /* SpaceGame.app */,
				848678F41C748B470049BB1F /* Game OS X.app */,
			);
			name = Products;
			sourceTree = "<group>";
		};
/* End PBXGroup section */

/* Begin PBXNativeTarget section */
		848678C01C748B0C0049BB1F /* Game iOS */ = {
			isa = PBXNativeTarget;
			buildConfigurationList = 848678D61C748B0C0049BB1F /* Build configuration list for PBXNativeTarget "Game iOS" */;
			buildPhases = (
				848678BD1C748B0C0049BB1F /* Sources */,
				848678BE1C748B0C0049BB1F /* Frameworks */,
				848678BF1C748B0C0049BB1F /* Resources */,
			);
			buildRules = (
			);
			dependencies = (
			);
			name = "Game iOS";
			productName = "Game iOS";
			productReference = 848678C11C748B0C0049BB1F /* Game iOS.app */;
			productType = "com.apple.product-type.application";
		};
		848678DA1C748B1F0049BB1F /* SpaceGame */ = {
			isa = PBXNativeTarget;
			buildConfigurationList = 848678ED1C748B1F0049BB1F /* Build configuration list for PBXNativeTarget "SpaceGame" */;
			buildPhases = (
				848678D71C748B1F0049BB1F /* Sources */,
				848678D81C748B1F0049BB1F /* Frameworks */,
				848678D91C748B1F0049BB1F /* Resources */,
			);
			buildRules = (
			);
			dependencies = (
			);
			name = SpaceGame;
			productName = "Game tvOS";
			productReference = 848678DB1C748B1F0049BB1F /* SpaceGame.app */;
			productType = "com.apple.product-type.application";
		};
		848678F31C748B470049BB1F /* Game OS X */ = {
			isa = PBXNativeTarget;
			buildConfigurationList = 848679021C748B480049BB1F /* Build configuration list for PBXNativeTarget "Game OS X" */;
			buildPhases = (
				848678F01C748B470049BB1F /* Sources */,
				848678F11C748B470049BB1F /* Frameworks */,
				848678F21C748B470049BB1F /* Resources */,
			);
			buildRules = (
			);
			dependencies = (
			);
			name = "Game OS X";
			productName = "Game OS X";
			productReference = 848678F41C748B470049BB1F /* Game OS X.app */;
			productType = "com.apple.product-type.application";
		};
/* End PBXNativeTarget section */

/* Begin PBXProject section */
		84B9C8EA1C7487160080CE52 /* Project object */ = {
			isa = PBXProject;
			attributes = {
				LastSwiftUpdateCheck = 0720;
				LastUpgradeCheck = 0720;
				ORGANIZATIONNAME = "Pablo Henrique Bertaco";
				TargetAttributes = {
					848678C01C748B0C0049BB1F = {
						CreatedOnToolsVersion = 7.2;
					};
					848678DA1C748B1F0049BB1F = {
						CreatedOnToolsVersion = 7.2;
						DevelopmentTeam = JZ3J7RVLD7;
					};
					848678F31C748B470049BB1F = {
						CreatedOnToolsVersion = 7.2;
					};
				};
			};
			buildConfigurationList = 84B9C8ED1C7487160080CE52 /* Build configuration list for PBXProject "Game" */;
			compatibilityVersion = "Xcode 3.2";
			developmentRegion = English;
			hasScannedForEncodings = 0;
			knownRegions = (
				en,
				Base,
			);
			mainGroup = 84B9C8E91C7487160080CE52;
			productRefGroup = 84B9C8F31C7487160080CE52 /* Products */;
			projectDirPath = "";
			projectRoot = "";
			targets = (
				848678C01C748B0C0049BB1F /* Game iOS */,
				848678DA1C748B1F0049BB1F /* SpaceGame */,
				848678F31C748B470049BB1F /* Game OS X */,
			);
		};
/* End PBXProject section */

/* Begin PBXResourcesBuildPhase section */
		848678BF1C748B0C0049BB1F /* Resources */ = {
			isa = PBXResourcesBuildPhase;
			buildActionMask = 2147483647;
			files = (
				848679091C748CD30049BB1F /* Media.xcassets in Resources */,
				84944CEA1C7646C2006F49CE /* kenpixel.ttf in Resources */,
				848678D21C748B0C0049BB1F /* LaunchScreen.storyboard in Resources */,
				848678CF1C748B0C0049BB1F /* Assets.xcassets in Resources */,
				848678CD1C748B0C0049BB1F /* Main.storyboard in Resources */,
			);
			runOnlyForDeploymentPostprocessing = 0;
		};
		848678D91C748B1F0049BB1F /* Resources */ = {
			isa = PBXResourcesBuildPhase;
			buildActionMask = 2147483647;
			files = (
				8486790A1C748CD30049BB1F /* Media.xcassets in Resources */,
				84944CEB1C7646C2006F49CE /* kenpixel.ttf in Resources */,
				848678E91C748B1F0049BB1F /* Main.storyboard in Resources */,
				848678EB1C748B1F0049BB1F /* Assets.xcassets in Resources */,
				848678E61C748B1F0049BB1F /* Game.xcassets in Resources */,
			);
			runOnlyForDeploymentPostprocessing = 0;
		};
		848678F21C748B470049BB1F /* Resources */ = {
			isa = PBXResourcesBuildPhase;
			buildActionMask = 2147483647;
			files = (
				84944CEC1C7646C2006F49CE /* kenpixel.ttf in Resources */,
				848678FD1C748B470049BB1F /* Assets.xcassets in Resources */,
				8486790B1C748CD30049BB1F /* Media.xcassets in Resources */,
				848679001C748B470049BB1F /* MainMenu.xib in Resources */,
			);
			runOnlyForDeploymentPostprocessing = 0;
		};
/* End PBXResourcesBuildPhase section */

/* Begin PBXSourcesBuildPhase section */
		848678BD1C748B0C0049BB1F /* Sources */ = {
			isa = PBXSourcesBuildPhase;
			buildActionMask = 2147483647;
			files = (
				840661461C7502AF00D8C1CD /* ChooseSector.swift in Sources */,
				84944CDE1C763EC8006F49CE /* OptionsScene.swift in Sources */,
				84AADFF91C7B5C0400AE04DD /* SocketAnyEvent.swift in Sources */,
				84AAE00B1C7B5C0400AE04DD /* SocketEngineSpec.swift in Sources */,
				84AAE0291C7B5C0400AE04DD /* SocketTypes.swift in Sources */,
				84AAE01A1C7B5C0400AE04DD /* SocketIOClientStatus.swift in Sources */,
				84AAE0231C7B5C0400AE04DD /* SocketParsable.swift in Sources */,
				8486792C1C748F2C0049BB1F /* Control.swift in Sources */,
				848678CA1C748B0C0049BB1F /* GameViewController.swift in Sources */,
				84AADFFF1C7B5C0400AE04DD /* SocketEngine.swift in Sources */,
				84944CE01C763F54006F49CE /* CreditsScene.swift in Sources */,
				84AADFF31C7B5C0400AE04DD /* SocketAckEmitter.swift in Sources */,
				848679561C74C1100049BB1F /* MissionScene.swift in Sources */,
				8407F6311C8DE7CB004F253F /* Laser.swift in Sources */,
				848678C41C748B0C0049BB1F /* AppDelegate.swift in Sources */,
				848679201C748F2C0049BB1F /* GeometryExtensions.swift in Sources */,
				848679351C748F2C0049BB1F /* Box.swift in Sources */,
				84AAE0021C7B5C0400AE04DD /* SocketEngineClient.swift in Sources */,
				848679321C748F2C0049BB1F /* Button.swift in Sources */,
				84AAE0261C7B5C0400AE04DD /* SocketStringReader.swift in Sources */,
				844AB3301C85D81A0033D00B /* GameTextField.swift in Sources */,
				8486792F1C748F2C0049BB1F /* GameCamera.swift in Sources */,
				848679471C748F2C0049BB1F /* Music.swift in Sources */,
				84AADFF61C7B5C0400AE04DD /* SocketAckManager.swift in Sources */,
				840661421C74FB4F00D8C1CD /* HangarScene.swift in Sources */,
				8407F6341C8DE7CB004F253F /* Parallax.swift in Sources */,
				8407F6411C8DE7EF004F253F /* World.swift in Sources */,
				84944CE61C764535006F49CE /* Label.swift in Sources */,
				84944CE21C7641D7006F49CE /* SectorCell.swift in Sources */,
				84B762CB1C85CA7F0016C24B /* BlackSpriteNode.swift in Sources */,
				846A46B51C75E2360028DBA8 /* ScrollNode.swift in Sources */,
				84AAE02C1C7B5C0400AE04DD /* SwiftRegex.swift in Sources */,
				8407F63A1C8DE7CB004F253F /* Thumbstick.swift in Sources */,
				84AADFFC1C7B5C0400AE04DD /* SocketClientSpec.swift in Sources */,
				8407F62E1C8DE7CB004F253F /* Enemy.swift in Sources */,
				848679411C748F2C0049BB1F /* GameColors.swift in Sources */,
				848679591C74C1810049BB1F /* MainMenuScene.swift in Sources */,
				84AAE0171C7B5C0400AE04DD /* SocketIOClientOption.swift in Sources */,
				84AAE00E1C7B5C0400AE04DD /* SocketEngineWebsocket.swift in Sources */,
				84AAE0141C7B5C0400AE04DD /* SocketIOClient.swift in Sources */,
				84AAE02F1C7B5C0400AE04DD /* WebSocket.swift in Sources */,
				84AAE0201C7B5C0400AE04DD /* SocketPacket.swift in Sources */,
				848679381C748F2C0049BB1F /* CropBox.swift in Sources */,
				8407F63D1C8DE7CB004F253F /* Ufo.swift in Sources */,
				848679291C748F2C0049BB1F /* GameScene.swift in Sources */,
				84AAE01D1C7B5C0400AE04DD /* SocketLogger.swift in Sources */,
				8486793E1C748F2C0049BB1F /* Event.swift in Sources */,
				8407F6371C8DE7CB004F253F /* PlayerShip.swift in Sources */,
				84AAE0051C7B5C0400AE04DD /* SocketEnginePacketType.swift in Sources */,
				848679441C748F2C0049BB1F /* GameFonts.swift in Sources */,
				84AAE0111C7B5C0400AE04DD /* SocketEventHandler.swift in Sources */,
				848679261C748F2C0049BB1F /* Config.swift in Sources */,
				84AAE0081C7B5C0400AE04DD /* SocketEnginePollable.swift in Sources */,
			);
			runOnlyForDeploymentPostprocessing = 0;
		};
		848678D71C748B1F0049BB1F /* Sources */ = {
			isa = PBXSourcesBuildPhase;
			buildActionMask = 2147483647;
			files = (
				840661471C7502AF00D8C1CD /* ChooseSector.swift in Sources */,
				84AAE01B1C7B5C0400AE04DD /* SocketIOClientStatus.swift in Sources */,
				84AAE0061C7B5C0400AE04DD /* SocketEnginePacketType.swift in Sources */,
				8486792D1C748F2C0049BB1F /* Control.swift in Sources */,
				848678E41C748B1F0049BB1F /* GameViewController.swift in Sources */,
				84AAE0271C7B5C0400AE04DD /* SocketStringReader.swift in Sources */,
				84AAE02A1C7B5C0400AE04DD /* SocketTypes.swift in Sources */,
				84944CE71C764535006F49CE /* Label.swift in Sources */,
				84AADFFA1C7B5C0400AE04DD /* SocketAnyEvent.swift in Sources */,
				84AAE0091C7B5C0400AE04DD /* SocketEnginePollable.swift in Sources */,
				84AAE0001C7B5C0400AE04DD /* SocketEngine.swift in Sources */,
				84AAE0151C7B5C0400AE04DD /* SocketIOClient.swift in Sources */,
				848679571C74C1100049BB1F /* MissionScene.swift in Sources */,
				8407F6321C8DE7CB004F253F /* Laser.swift in Sources */,
				848678DE1C748B1F0049BB1F /* AppDelegate.swift in Sources */,
				84AADFFD1C7B5C0400AE04DD /* SocketClientSpec.swift in Sources */,
				848679531C74C0750049BB1F /* MainMenuScene.swift in Sources */,
				8407F63B1C8DE7CB004F253F /* Thumbstick.swift in Sources */,
				8407F6421C8DE7EF004F253F /* World.swift in Sources */,
				84AAE02D1C7B5C0400AE04DD /* SwiftRegex.swift in Sources */,
				84AAE00C1C7B5C0400AE04DD /* SocketEngineSpec.swift in Sources */,
				848679211C748F2C0049BB1F /* GeometryExtensions.swift in Sources */,
				84AADFF41C7B5C0400AE04DD /* SocketAckEmitter.swift in Sources */,
				848679361C748F2C0049BB1F /* Box.swift in Sources */,
				84944CE31C7641D7006F49CE /* SectorCell.swift in Sources */,
				8407F63E1C8DE7CB004F253F /* Ufo.swift in Sources */,
				84AADFF71C7B5C0400AE04DD /* SocketAckManager.swift in Sources */,
				8407F6351C8DE7CB004F253F /* Parallax.swift in Sources */,
				848679331C748F2C0049BB1F /* Button.swift in Sources */,
				848679301C748F2C0049BB1F /* GameCamera.swift in Sources */,
				84AAE01E1C7B5C0400AE04DD /* SocketLogger.swift in Sources */,
				8407F6381C8DE7CB004F253F /* PlayerShip.swift in Sources */,
				840661431C74FB4F00D8C1CD /* HangarScene.swift in Sources */,
				846A46B41C75E2350028DBA8 /* ScrollNode.swift in Sources */,
				84AAE0211C7B5C0400AE04DD /* SocketPacket.swift in Sources */,
				84AAE0181C7B5C0400AE04DD /* SocketIOClientOption.swift in Sources */,
				848679481C748F2C0049BB1F /* Music.swift in Sources */,
				84AAE0031C7B5C0400AE04DD /* SocketEngineClient.swift in Sources */,
				84148FC41C87158500CF689C /* GameTextField.swift in Sources */,
				848679421C748F2C0049BB1F /* GameColors.swift in Sources */,
				848679391C748F2C0049BB1F /* CropBox.swift in Sources */,
				84AAE0301C7B5C0400AE04DD /* WebSocket.swift in Sources */,
				84B762CC1C85CA7F0016C24B /* BlackSpriteNode.swift in Sources */,
				84AAE0121C7B5C0400AE04DD /* SocketEventHandler.swift in Sources */,
				8486792A1C748F2C0049BB1F /* GameScene.swift in Sources */,
				84AAE00F1C7B5C0400AE04DD /* SocketEngineWebsocket.swift in Sources */,
				84AAE0241C7B5C0400AE04DD /* SocketParsable.swift in Sources */,
				8407F62F1C8DE7CB004F253F /* Enemy.swift in Sources */,
				8486793F1C748F2C0049BB1F /* Event.swift in Sources */,
				848679451C748F2C0049BB1F /* GameFonts.swift in Sources */,
				848679271C748F2C0049BB1F /* Config.swift in Sources */,
			);
			runOnlyForDeploymentPostprocessing = 0;
		};
		848678F01C748B470049BB1F /* Sources */ = {
			isa = PBXSourcesBuildPhase;
			buildActionMask = 2147483647;
			files = (
				8486793A1C748F2C0049BB1F /* CropBox.swift in Sources */,
				8486792B1C748F2C0049BB1F /* GameScene.swift in Sources */,
				84AAE02B1C7B5C0400AE04DD /* SocketTypes.swift in Sources */,
				84AAE0101C7B5C0400AE04DD /* SocketEngineWebsocket.swift in Sources */,
				84AAE0221C7B5C0400AE04DD /* SocketPacket.swift in Sources */,
				84AADFFB1C7B5C0400AE04DD /* SocketAnyEvent.swift in Sources */,
				84AAE00D1C7B5C0400AE04DD /* SocketEngineSpec.swift in Sources */,
				848679461C748F2C0049BB1F /* GameFonts.swift in Sources */,
				84944CE41C7641D7006F49CE /* SectorCell.swift in Sources */,
				8486792E1C748F2C0049BB1F /* Control.swift in Sources */,
				8407F6391C8DE7CB004F253F /* PlayerShip.swift in Sources */,
				84944CE81C764535006F49CE /* Label.swift in Sources */,
				8486795A1C74C1820049BB1F /* MainMenuScene.swift in Sources */,
				8486793D1C748F2C0049BB1F /* ScrollNode.swift in Sources */,
				84AAE0311C7B5C0400AE04DD /* WebSocket.swift in Sources */,
				84AAE0281C7B5C0400AE04DD /* SocketStringReader.swift in Sources */,
				848678F71C748B470049BB1F /* AppDelegate.swift in Sources */,
				84AADFF51C7B5C0400AE04DD /* SocketAckEmitter.swift in Sources */,
				8483B5C11C885C3200556D40 /* GameTextField.swift in Sources */,
				840661441C74FB4F00D8C1CD /* HangarScene.swift in Sources */,
				84AAE01F1C7B5C0400AE04DD /* SocketLogger.swift in Sources */,
				84AAE00A1C7B5C0400AE04DD /* SocketEnginePollable.swift in Sources */,
				84AAE0011C7B5C0400AE04DD /* SocketEngine.swift in Sources */,
				8407F6361C8DE7CB004F253F /* Parallax.swift in Sources */,
				8407F6431C8DE7EF004F253F /* World.swift in Sources */,
				84AAE01C1C7B5C0400AE04DD /* SocketIOClientStatus.swift in Sources */,
				8407F63F1C8DE7CB004F253F /* Ufo.swift in Sources */,
				8407F63C1C8DE7CB004F253F /* Thumbstick.swift in Sources */,
				848679491C748F2C0049BB1F /* Music.swift in Sources */,
				848679281C748F2C0049BB1F /* Config.swift in Sources */,
				84AADFFE1C7B5C0400AE04DD /* SocketClientSpec.swift in Sources */,
				848679311C748F2C0049BB1F /* GameCamera.swift in Sources */,
				84AAE0191C7B5C0400AE04DD /* SocketIOClientOption.swift in Sources */,
				8407F6331C8DE7CB004F253F /* Laser.swift in Sources */,
				84AAE02E1C7B5C0400AE04DD /* SwiftRegex.swift in Sources */,
				848679431C748F2C0049BB1F /* GameColors.swift in Sources */,
				848679341C748F2C0049BB1F /* Button.swift in Sources */,
				84AADFF81C7B5C0400AE04DD /* SocketAckManager.swift in Sources */,
				840661481C7502AF00D8C1CD /* ChooseSector.swift in Sources */,
				848679221C748F2C0049BB1F /* GeometryExtensions.swift in Sources */,
				84AAE0041C7B5C0400AE04DD /* SocketEngineClient.swift in Sources */,
				848679371C748F2C0049BB1F /* Box.swift in Sources */,
				8407F6301C8DE7CB004F253F /* Enemy.swift in Sources */,
				84AAE0161C7B5C0400AE04DD /* SocketIOClient.swift in Sources */,
				84AAE0071C7B5C0400AE04DD /* SocketEnginePacketType.swift in Sources */,
				84AAE0131C7B5C0400AE04DD /* SocketEventHandler.swift in Sources */,
				848679581C74C1100049BB1F /* MissionScene.swift in Sources */,
				84B762CD1C85CA7F0016C24B /* BlackSpriteNode.swift in Sources */,
				84AAE0251C7B5C0400AE04DD /* SocketParsable.swift in Sources */,
				848679401C748F2C0049BB1F /* Event.swift in Sources */,
			);
			runOnlyForDeploymentPostprocessing = 0;
		};
/* End PBXSourcesBuildPhase section */

/* Begin PBXVariantGroup section */
		848678CB1C748B0C0049BB1F /* Main.storyboard */ = {
			isa = PBXVariantGroup;
			children = (
				848678CC1C748B0C0049BB1F /* Base */,
			);
			name = Main.storyboard;
			sourceTree = "<group>";
		};
		848678D01C748B0C0049BB1F /* LaunchScreen.storyboard */ = {
			isa = PBXVariantGroup;
			children = (
				848678D11C748B0C0049BB1F /* Base */,
			);
			name = LaunchScreen.storyboard;
			sourceTree = "<group>";
		};
		848678E71C748B1F0049BB1F /* Main.storyboard */ = {
			isa = PBXVariantGroup;
			children = (
				848678E81C748B1F0049BB1F /* Base */,
			);
			name = Main.storyboard;
			sourceTree = "<group>";
		};
		848678FE1C748B470049BB1F /* MainMenu.xib */ = {
			isa = PBXVariantGroup;
			children = (
				848678FF1C748B470049BB1F /* Base */,
			);
			name = MainMenu.xib;
			sourceTree = "<group>";
		};
/* End PBXVariantGroup section */

/* Begin XCBuildConfiguration section */
		848678D41C748B0C0049BB1F /* Debug */ = {
			isa = XCBuildConfiguration;
			buildSettings = {
				ASSETCATALOG_COMPILER_APPICON_NAME = AppIcon;
				CLANG_ENABLE_MODULES = YES;
				INFOPLIST_FILE = "Game iOS/Info.plist";
				LD_RUNPATH_SEARCH_PATHS = "$(inherited) @executable_path/Frameworks";
				PRODUCT_BUNDLE_IDENTIFIER = "PabloHenri91.Game-iOS";
				PRODUCT_NAME = "$(TARGET_NAME)";
				SWIFT_OBJC_BRIDGING_HEADER = "Game iOS-Bridging-Header.h";
				SWIFT_OPTIMIZATION_LEVEL = "-Onone";
			};
			name = Debug;
		};
		848678D51C748B0C0049BB1F /* Release */ = {
			isa = XCBuildConfiguration;
			buildSettings = {
				ASSETCATALOG_COMPILER_APPICON_NAME = AppIcon;
				CLANG_ENABLE_MODULES = YES;
				INFOPLIST_FILE = "Game iOS/Info.plist";
				LD_RUNPATH_SEARCH_PATHS = "$(inherited) @executable_path/Frameworks";
				PRODUCT_BUNDLE_IDENTIFIER = "PabloHenri91.Game-iOS";
				PRODUCT_NAME = "$(TARGET_NAME)";
				SWIFT_OBJC_BRIDGING_HEADER = "Game iOS-Bridging-Header.h";
			};
			name = Release;
		};
		848678EE1C748B1F0049BB1F /* Debug */ = {
			isa = XCBuildConfiguration;
			buildSettings = {
				ASSETCATALOG_COMPILER_APPICON_NAME = "App Icon & Top Shelf Image";
				ASSETCATALOG_COMPILER_LAUNCHIMAGE_NAME = LaunchImage;
				CLANG_ENABLE_MODULES = YES;
				CODE_SIGN_IDENTITY = "iPhone Distribution: Pablo Henrique Bertaco (JZ3J7RVLD7)";
				INFOPLIST_FILE = "Game tvOS/Info.plist";
				LD_RUNPATH_SEARCH_PATHS = "$(inherited) @executable_path/Frameworks";
				PRODUCT_BUNDLE_IDENTIFIER = "com.PabloHenri91.SpaceGame--tvOS-";
				PRODUCT_NAME = "$(TARGET_NAME)";
				SDKROOT = appletvos9.1;
				SWIFT_OBJC_BRIDGING_HEADER = "Game tvOS-Bridging-Header.h";
				SWIFT_OPTIMIZATION_LEVEL = "-Onone";
				TARGETED_DEVICE_FAMILY = 3;
			};
			name = Debug;
		};
		848678EF1C748B1F0049BB1F /* Release */ = {
			isa = XCBuildConfiguration;
			buildSettings = {
				ASSETCATALOG_COMPILER_APPICON_NAME = "App Icon & Top Shelf Image";
				ASSETCATALOG_COMPILER_LAUNCHIMAGE_NAME = LaunchImage;
				CLANG_ENABLE_MODULES = YES;
				CODE_SIGN_IDENTITY = "iPhone Distribution: Pablo Henrique Bertaco (JZ3J7RVLD7)";
				INFOPLIST_FILE = "Game tvOS/Info.plist";
				LD_RUNPATH_SEARCH_PATHS = "$(inherited) @executable_path/Frameworks";
				PRODUCT_BUNDLE_IDENTIFIER = "com.PabloHenri91.SpaceGame--tvOS-";
				PRODUCT_NAME = "$(TARGET_NAME)";
				SDKROOT = appletvos9.1;
				SWIFT_OBJC_BRIDGING_HEADER = "Game tvOS-Bridging-Header.h";
				TARGETED_DEVICE_FAMILY = 3;
			};
			name = Release;
		};
		848679031C748B480049BB1F /* Debug */ = {
			isa = XCBuildConfiguration;
			buildSettings = {
				ASSETCATALOG_COMPILER_APPICON_NAME = AppIcon;
				CLANG_ENABLE_MODULES = YES;
				CODE_SIGN_IDENTITY = "-";
				COMBINE_HIDPI_IMAGES = YES;
				INFOPLIST_FILE = "Game OS X/Info.plist";
				LD_RUNPATH_SEARCH_PATHS = "$(inherited) @executable_path/../Frameworks";
				PRODUCT_BUNDLE_IDENTIFIER = "PabloHenri91.Game-OS-X";
				PRODUCT_NAME = "$(TARGET_NAME)";
				SDKROOT = macosx;
				SWIFT_OBJC_BRIDGING_HEADER = "Game OS X-Bridging-Header.h";
				SWIFT_OPTIMIZATION_LEVEL = "-Onone";
			};
			name = Debug;
		};
		848679041C748B480049BB1F /* Release */ = {
			isa = XCBuildConfiguration;
			buildSettings = {
				ASSETCATALOG_COMPILER_APPICON_NAME = AppIcon;
				CLANG_ENABLE_MODULES = YES;
				CODE_SIGN_IDENTITY = "-";
				COMBINE_HIDPI_IMAGES = YES;
				INFOPLIST_FILE = "Game OS X/Info.plist";
				LD_RUNPATH_SEARCH_PATHS = "$(inherited) @executable_path/../Frameworks";
				PRODUCT_BUNDLE_IDENTIFIER = "PabloHenri91.Game-OS-X";
				PRODUCT_NAME = "$(TARGET_NAME)";
				SDKROOT = macosx;
				SWIFT_OBJC_BRIDGING_HEADER = "Game OS X-Bridging-Header.h";
			};
			name = Release;
		};
		84B9C9061C7487160080CE52 /* Debug */ = {
			isa = XCBuildConfiguration;
			buildSettings = {
				ALWAYS_SEARCH_USER_PATHS = NO;
				CLANG_CXX_LANGUAGE_STANDARD = "gnu++0x";
				CLANG_CXX_LIBRARY = "libc++";
				CLANG_ENABLE_MODULES = YES;
				CLANG_ENABLE_OBJC_ARC = YES;
				CLANG_WARN_BOOL_CONVERSION = YES;
				CLANG_WARN_CONSTANT_CONVERSION = YES;
				CLANG_WARN_DIRECT_OBJC_ISA_USAGE = YES_ERROR;
				CLANG_WARN_EMPTY_BODY = YES;
				CLANG_WARN_ENUM_CONVERSION = YES;
				CLANG_WARN_INT_CONVERSION = YES;
				CLANG_WARN_OBJC_ROOT_CLASS = YES_ERROR;
				CLANG_WARN_UNREACHABLE_CODE = YES;
				CLANG_WARN__DUPLICATE_METHOD_MATCH = YES;
				"CODE_SIGN_IDENTITY[sdk=iphoneos*]" = "iPhone Developer";
				COPY_PHASE_STRIP = NO;
				DEBUG_INFORMATION_FORMAT = "dwarf-with-dsym";
				ENABLE_STRICT_OBJC_MSGSEND = YES;
				ENABLE_TESTABILITY = YES;
				GCC_C_LANGUAGE_STANDARD = gnu99;
				GCC_DYNAMIC_NO_PIC = NO;
				GCC_NO_COMMON_BLOCKS = YES;
				GCC_OPTIMIZATION_LEVEL = 0;
				GCC_PREPROCESSOR_DEFINITIONS = (
					"DEBUG=1",
					"$(inherited)",
				);
				GCC_WARN_64_TO_32_BIT_CONVERSION = YES;
				GCC_WARN_ABOUT_RETURN_TYPE = YES_ERROR;
				GCC_WARN_UNDECLARED_SELECTOR = YES;
				GCC_WARN_UNINITIALIZED_AUTOS = YES_AGGRESSIVE;
				GCC_WARN_UNUSED_FUNCTION = YES;
				GCC_WARN_UNUSED_VARIABLE = YES;
				IPHONEOS_DEPLOYMENT_TARGET = 8.0;
				MACOSX_DEPLOYMENT_TARGET = 10.10;
				MTL_ENABLE_DEBUG_INFO = YES;
				ONLY_ACTIVE_ARCH = YES;
				SDKROOT = iphoneos;
				SWIFT_OPTIMIZATION_LEVEL = "-Onone";
				TARGETED_DEVICE_FAMILY = "1,2";
			};
			name = Debug;
		};
		84B9C9071C7487160080CE52 /* Release */ = {
			isa = XCBuildConfiguration;
			buildSettings = {
				ALWAYS_SEARCH_USER_PATHS = NO;
				CLANG_CXX_LANGUAGE_STANDARD = "gnu++0x";
				CLANG_CXX_LIBRARY = "libc++";
				CLANG_ENABLE_MODULES = YES;
				CLANG_ENABLE_OBJC_ARC = YES;
				CLANG_WARN_BOOL_CONVERSION = YES;
				CLANG_WARN_CONSTANT_CONVERSION = YES;
				CLANG_WARN_DIRECT_OBJC_ISA_USAGE = YES_ERROR;
				CLANG_WARN_EMPTY_BODY = YES;
				CLANG_WARN_ENUM_CONVERSION = YES;
				CLANG_WARN_INT_CONVERSION = YES;
				CLANG_WARN_OBJC_ROOT_CLASS = YES_ERROR;
				CLANG_WARN_UNREACHABLE_CODE = YES;
				CLANG_WARN__DUPLICATE_METHOD_MATCH = YES;
				"CODE_SIGN_IDENTITY[sdk=iphoneos*]" = "iPhone Developer";
				COPY_PHASE_STRIP = NO;
				DEBUG_INFORMATION_FORMAT = "dwarf-with-dsym";
				ENABLE_NS_ASSERTIONS = NO;
				ENABLE_STRICT_OBJC_MSGSEND = YES;
				GCC_C_LANGUAGE_STANDARD = gnu99;
				GCC_NO_COMMON_BLOCKS = YES;
				GCC_WARN_64_TO_32_BIT_CONVERSION = YES;
				GCC_WARN_ABOUT_RETURN_TYPE = YES_ERROR;
				GCC_WARN_UNDECLARED_SELECTOR = YES;
				GCC_WARN_UNINITIALIZED_AUTOS = YES_AGGRESSIVE;
				GCC_WARN_UNUSED_FUNCTION = YES;
				GCC_WARN_UNUSED_VARIABLE = YES;
				IPHONEOS_DEPLOYMENT_TARGET = 8.0;
				MACOSX_DEPLOYMENT_TARGET = 10.10;
				MTL_ENABLE_DEBUG_INFO = NO;
				SDKROOT = iphoneos;
				TARGETED_DEVICE_FAMILY = "1,2";
				VALIDATE_PRODUCT = YES;
			};
			name = Release;
		};
/* End XCBuildConfiguration section */

/* Begin XCConfigurationList section */
		848678D61C748B0C0049BB1F /* Build configuration list for PBXNativeTarget "Game iOS" */ = {
			isa = XCConfigurationList;
			buildConfigurations = (
				848678D41C748B0C0049BB1F /* Debug */,
				848678D51C748B0C0049BB1F /* Release */,
			);
			defaultConfigurationIsVisible = 0;
			defaultConfigurationName = Release;
		};
		848678ED1C748B1F0049BB1F /* Build configuration list for PBXNativeTarget "SpaceGame" */ = {
			isa = XCConfigurationList;
			buildConfigurations = (
				848678EE1C748B1F0049BB1F /* Debug */,
				848678EF1C748B1F0049BB1F /* Release */,
			);
			defaultConfigurationIsVisible = 0;
			defaultConfigurationName = Release;
		};
		848679021C748B480049BB1F /* Build configuration list for PBXNativeTarget "Game OS X" */ = {
			isa = XCConfigurationList;
			buildConfigurations = (
				848679031C748B480049BB1F /* Debug */,
				848679041C748B480049BB1F /* Release */,
			);
			defaultConfigurationIsVisible = 0;
			defaultConfigurationName = Release;
		};
		84B9C8ED1C7487160080CE52 /* Build configuration list for PBXProject "Game" */ = {
			isa = XCConfigurationList;
			buildConfigurations = (
				84B9C9061C7487160080CE52 /* Debug */,
				84B9C9071C7487160080CE52 /* Release */,
			);
			defaultConfigurationIsVisible = 0;
			defaultConfigurationName = Release;
		};
/* End XCConfigurationList section */
	};
	rootObject = 84B9C8EA1C7487160080CE52 /* Project object */;
}
